// !$*UTF8*$!
{
	archiveVersion = 1;
	classes = {
	};
	objectVersion = 46;
	objects = {

/* Begin PBXBuildFile section */
		0F7A63311E769BB6007B6B07 /* main.m in Sources */ = {isa = PBXBuildFile; fileRef = 0F7A63301E769BB6007B6B07 /* main.m */; };
		0F7A63341E769BB6007B6B07 /* AppDelegate.m in Sources */ = {isa = PBXBuildFile; fileRef = 0F7A63331E769BB6007B6B07 /* AppDelegate.m */; };
		0F7A633C1E769BB6007B6B07 /* Assets.xcassets in Resources */ = {isa = PBXBuildFile; fileRef = 0F7A633B1E769BB6007B6B07 /* Assets.xcassets */; };
		0F7A633F1E769BB6007B6B07 /* LaunchScreen.storyboard in Resources */ = {isa = PBXBuildFile; fileRef = 0F7A633D1E769BB6007B6B07 /* LaunchScreen.storyboard */; };
		1ED21B75C7F58C0ACAD13C20 /* Pods_InstaClone.framework in Frameworks */ = {isa = PBXBuildFile; fileRef = 51C2BE94D887A0087401BF94 /* Pods_InstaClone.framework */; };
		5A296EC520ECB8FD0036AEA6 /* PostCaptionCell.m in Sources */ = {isa = PBXBuildFile; fileRef = 5A296EC420ECB8FD0036AEA6 /* PostCaptionCell.m */; };
		5A2F8D802091EF6F00E51D5C /* Likee.m in Sources */ = {isa = PBXBuildFile; fileRef = 5A2F8D7F2091EF6F00E51D5C /* Likee.m */; };
		5A2F8D862092062B00E51D5C /* LikesViewController.m in Sources */ = {isa = PBXBuildFile; fileRef = 5A2F8D852092062B00E51D5C /* LikesViewController.m */; };
		5A2F8D8920920B3E00E51D5C /* LikeCell.m in Sources */ = {isa = PBXBuildFile; fileRef = 5A2F8D8820920B3E00E51D5C /* LikeCell.m */; };
		5A3DFDCD208F47150071544C /* CameraViewController.m in Sources */ = {isa = PBXBuildFile; fileRef = 5A3DFDCC208F47150071544C /* CameraViewController.m */; };
		5AB0915F20E2682900FD6736 /* EditProfileViewController.m in Sources */ = {isa = PBXBuildFile; fileRef = 5AB0915E20E2682900FD6736 /* EditProfileViewController.m */; };
		5ADC1914208F89D600583E5B /* PictureHelper.m in Sources */ = {isa = PBXBuildFile; fileRef = 5ADC1913208F89D600583E5B /* PictureHelper.m */; };
		5E19A14920975FB60083D789 /* ProfileViewController.m in Sources */ = {isa = PBXBuildFile; fileRef = 5E19A14820975FB60083D789 /* ProfileViewController.m */; };
		5E19A14C2097647C0083D789 /* ProfileHeaderCollectionReusableView.m in Sources */ = {isa = PBXBuildFile; fileRef = 5E19A14B2097647C0083D789 /* ProfileHeaderCollectionReusableView.m */; };
		5E19A14F209764EF0083D789 /* PhotoCollectionViewCell.m in Sources */ = {isa = PBXBuildFile; fileRef = 5E19A14E209764EF0083D789 /* PhotoCollectionViewCell.m */; };
		5E1BF5FC208E03AB00FF92E6 /* Post.m in Sources */ = {isa = PBXBuildFile; fileRef = 5E1BF5FB208E03AB00FF92E6 /* Post.m */; };
		5E1BF5FF208E03C200FF92E6 /* Comment.m in Sources */ = {isa = PBXBuildFile; fileRef = 5E1BF5FE208E03C200FF92E6 /* Comment.m */; };
		5E1BF605208E20A600FF92E6 /* HomeViewController.m in Sources */ = {isa = PBXBuildFile; fileRef = 5E1BF604208E20A600FF92E6 /* HomeViewController.m */; };
		5E1BF609208E2D1500FF92E6 /* PostCell.m in Sources */ = {isa = PBXBuildFile; fileRef = 5E1BF608208E2D1500FF92E6 /* PostCell.m */; };
		5E69E32C20970D1E0037CEE9 /* CommentsViewController.m in Sources */ = {isa = PBXBuildFile; fileRef = 5E69E32B20970D1E0037CEE9 /* CommentsViewController.m */; };
		5E69E32F20970E050037CEE9 /* CommentCell.m in Sources */ = {isa = PBXBuildFile; fileRef = 5E69E32E20970E050037CEE9 /* CommentCell.m */; };
		5E90CED520EBEE1100017BAD /* PostViewController.m in Sources */ = {isa = PBXBuildFile; fileRef = 5E90CED420EBEE1100017BAD /* PostViewController.m */; };
		5EB7BAE72089DC540073FC64 /* Camera.storyboard in Resources */ = {isa = PBXBuildFile; fileRef = 5EB7BAE22089DC540073FC64 /* Camera.storyboard */; };
		5EB7BAE82089DC540073FC64 /* Home.storyboard in Resources */ = {isa = PBXBuildFile; fileRef = 5EB7BAE32089DC540073FC64 /* Home.storyboard */; };
		5EB7BAE92089DC540073FC64 /* Profile.storyboard in Resources */ = {isa = PBXBuildFile; fileRef = 5EB7BAE42089DC540073FC64 /* Profile.storyboard */; };
		5EB7BAEA2089DC540073FC64 /* Start.storyboard in Resources */ = {isa = PBXBuildFile; fileRef = 5EB7BAE52089DC540073FC64 /* Start.storyboard */; };
		5EB7BAEB2089DC540073FC64 /* TabBar.storyboard in Resources */ = {isa = PBXBuildFile; fileRef = 5EB7BAE62089DC540073FC64 /* TabBar.storyboard */; };
		5EB7BAEF2089E25B0073FC64 /* SignInViewController.m in Sources */ = {isa = PBXBuildFile; fileRef = 5EB7BAEE2089E25B0073FC64 /* SignInViewController.m */; };
		5EF66A3C208A347A00D33BFD /* SignUpViewController.m in Sources */ = {isa = PBXBuildFile; fileRef = 5EF66A3B208A347A00D33BFD /* SignUpViewController.m */; };
		5EF66A3F208A386500D33BFD /* AlertViewController.m in Sources */ = {isa = PBXBuildFile; fileRef = 5EF66A3E208A386500D33BFD /* AlertViewController.m */; };
/* End PBXBuildFile section */

/* Begin PBXFileReference section */
		0F7A632C1E769BB6007B6B07 /* InstaClone.app */ = {isa = PBXFileReference; explicitFileType = wrapper.application; includeInIndex = 0; path = InstaClone.app; sourceTree = BUILT_PRODUCTS_DIR; };
		0F7A63301E769BB6007B6B07 /* main.m */ = {isa = PBXFileReference; lastKnownFileType = sourcecode.c.objc; path = main.m; sourceTree = "<group>"; };
		0F7A63321E769BB6007B6B07 /* AppDelegate.h */ = {isa = PBXFileReference; lastKnownFileType = sourcecode.c.h; path = AppDelegate.h; sourceTree = "<group>"; };
		0F7A63331E769BB6007B6B07 /* AppDelegate.m */ = {isa = PBXFileReference; lastKnownFileType = sourcecode.c.objc; path = AppDelegate.m; sourceTree = "<group>"; };
		0F7A633B1E769BB6007B6B07 /* Assets.xcassets */ = {isa = PBXFileReference; lastKnownFileType = folder.assetcatalog; path = Assets.xcassets; sourceTree = "<group>"; };
		0F7A633E1E769BB6007B6B07 /* Base */ = {isa = PBXFileReference; lastKnownFileType = file.storyboard; name = Base; path = Base.lproj/LaunchScreen.storyboard; sourceTree = "<group>"; };
		0F7A63401E769BB6007B6B07 /* Info.plist */ = {isa = PBXFileReference; lastKnownFileType = text.plist.xml; path = Info.plist; sourceTree = "<group>"; };
		51C2BE94D887A0087401BF94 /* Pods_InstaClone.framework */ = {isa = PBXFileReference; explicitFileType = wrapper.framework; includeInIndex = 0; path = Pods_InstaClone.framework; sourceTree = BUILT_PRODUCTS_DIR; };
		5A296EC320ECB8FD0036AEA6 /* PostCaptionCell.h */ = {isa = PBXFileReference; lastKnownFileType = sourcecode.c.h; path = PostCaptionCell.h; sourceTree = "<group>"; };
		5A296EC420ECB8FD0036AEA6 /* PostCaptionCell.m */ = {isa = PBXFileReference; lastKnownFileType = sourcecode.c.objc; path = PostCaptionCell.m; sourceTree = "<group>"; };
		5A2F8D7E2091EF6F00E51D5C /* Likee.h */ = {isa = PBXFileReference; lastKnownFileType = sourcecode.c.h; path = Likee.h; sourceTree = "<group>"; };
		5A2F8D7F2091EF6F00E51D5C /* Likee.m */ = {isa = PBXFileReference; lastKnownFileType = sourcecode.c.objc; path = Likee.m; sourceTree = "<group>"; };
		5A2F8D842092062B00E51D5C /* LikesViewController.h */ = {isa = PBXFileReference; lastKnownFileType = sourcecode.c.h; path = LikesViewController.h; sourceTree = "<group>"; };
		5A2F8D852092062B00E51D5C /* LikesViewController.m */ = {isa = PBXFileReference; lastKnownFileType = sourcecode.c.objc; path = LikesViewController.m; sourceTree = "<group>"; };
		5A2F8D8720920B3E00E51D5C /* LikeCell.h */ = {isa = PBXFileReference; lastKnownFileType = sourcecode.c.h; path = LikeCell.h; sourceTree = "<group>"; };
		5A2F8D8820920B3E00E51D5C /* LikeCell.m */ = {isa = PBXFileReference; lastKnownFileType = sourcecode.c.objc; path = LikeCell.m; sourceTree = "<group>"; };
		5A3DFDCB208F47150071544C /* CameraViewController.h */ = {isa = PBXFileReference; lastKnownFileType = sourcecode.c.h; path = CameraViewController.h; sourceTree = "<group>"; };
		5A3DFDCC208F47150071544C /* CameraViewController.m */ = {isa = PBXFileReference; lastKnownFileType = sourcecode.c.objc; path = CameraViewController.m; sourceTree = "<group>"; };
		5AB0915D20E2682900FD6736 /* EditProfileViewController.h */ = {isa = PBXFileReference; lastKnownFileType = sourcecode.c.h; path = EditProfileViewController.h; sourceTree = "<group>"; };
		5AB0915E20E2682900FD6736 /* EditProfileViewController.m */ = {isa = PBXFileReference; lastKnownFileType = sourcecode.c.objc; path = EditProfileViewController.m; sourceTree = "<group>"; };
		5ADC1912208F89D600583E5B /* PictureHelper.h */ = {isa = PBXFileReference; lastKnownFileType = sourcecode.c.h; path = PictureHelper.h; sourceTree = "<group>"; };
		5ADC1913208F89D600583E5B /* PictureHelper.m */ = {isa = PBXFileReference; lastKnownFileType = sourcecode.c.objc; path = PictureHelper.m; sourceTree = "<group>"; };
		5E19A14720975FB60083D789 /* ProfileViewController.h */ = {isa = PBXFileReference; lastKnownFileType = sourcecode.c.h; path = ProfileViewController.h; sourceTree = "<group>"; };
		5E19A14820975FB60083D789 /* ProfileViewController.m */ = {isa = PBXFileReference; lastKnownFileType = sourcecode.c.objc; path = ProfileViewController.m; sourceTree = "<group>"; };
		5E19A14A2097647C0083D789 /* ProfileHeaderCollectionReusableView.h */ = {isa = PBXFileReference; lastKnownFileType = sourcecode.c.h; path = ProfileHeaderCollectionReusableView.h; sourceTree = "<group>"; };
		5E19A14B2097647C0083D789 /* ProfileHeaderCollectionReusableView.m */ = {isa = PBXFileReference; lastKnownFileType = sourcecode.c.objc; path = ProfileHeaderCollectionReusableView.m; sourceTree = "<group>"; };
		5E19A14D209764EF0083D789 /* PhotoCollectionViewCell.h */ = {isa = PBXFileReference; lastKnownFileType = sourcecode.c.h; path = PhotoCollectionViewCell.h; sourceTree = "<group>"; };
		5E19A14E209764EF0083D789 /* PhotoCollectionViewCell.m */ = {isa = PBXFileReference; lastKnownFileType = sourcecode.c.objc; path = PhotoCollectionViewCell.m; sourceTree = "<group>"; };
		5E1BF5FA208E03AB00FF92E6 /* Post.h */ = {isa = PBXFileReference; lastKnownFileType = sourcecode.c.h; path = Post.h; sourceTree = "<group>"; };
		5E1BF5FB208E03AB00FF92E6 /* Post.m */ = {isa = PBXFileReference; lastKnownFileType = sourcecode.c.objc; path = Post.m; sourceTree = "<group>"; };
		5E1BF5FD208E03C200FF92E6 /* Comment.h */ = {isa = PBXFileReference; lastKnownFileType = sourcecode.c.h; path = Comment.h; sourceTree = "<group>"; };
		5E1BF5FE208E03C200FF92E6 /* Comment.m */ = {isa = PBXFileReference; lastKnownFileType = sourcecode.c.objc; path = Comment.m; sourceTree = "<group>"; };
		5E1BF603208E20A600FF92E6 /* HomeViewController.h */ = {isa = PBXFileReference; lastKnownFileType = sourcecode.c.h; path = HomeViewController.h; sourceTree = "<group>"; };
		5E1BF604208E20A600FF92E6 /* HomeViewController.m */ = {isa = PBXFileReference; lastKnownFileType = sourcecode.c.objc; path = HomeViewController.m; sourceTree = "<group>"; };
		5E1BF607208E2D1500FF92E6 /* PostCell.h */ = {isa = PBXFileReference; lastKnownFileType = sourcecode.c.h; path = PostCell.h; sourceTree = "<group>"; };
		5E1BF608208E2D1500FF92E6 /* PostCell.m */ = {isa = PBXFileReference; lastKnownFileType = sourcecode.c.objc; path = PostCell.m; sourceTree = "<group>"; };
		5E69E32A20970D1E0037CEE9 /* CommentsViewController.h */ = {isa = PBXFileReference; lastKnownFileType = sourcecode.c.h; path = CommentsViewController.h; sourceTree = "<group>"; };
		5E69E32B20970D1E0037CEE9 /* CommentsViewController.m */ = {isa = PBXFileReference; lastKnownFileType = sourcecode.c.objc; path = CommentsViewController.m; sourceTree = "<group>"; };
		5E69E32D20970E050037CEE9 /* CommentCell.h */ = {isa = PBXFileReference; lastKnownFileType = sourcecode.c.h; path = CommentCell.h; sourceTree = "<group>"; };
		5E69E32E20970E050037CEE9 /* CommentCell.m */ = {isa = PBXFileReference; lastKnownFileType = sourcecode.c.objc; path = CommentCell.m; sourceTree = "<group>"; };
		5E90CED320EBEE1100017BAD /* PostViewController.h */ = {isa = PBXFileReference; lastKnownFileType = sourcecode.c.h; path = PostViewController.h; sourceTree = "<group>"; };
		5E90CED420EBEE1100017BAD /* PostViewController.m */ = {isa = PBXFileReference; lastKnownFileType = sourcecode.c.objc; path = PostViewController.m; sourceTree = "<group>"; };
		5EB7BAE22089DC540073FC64 /* Camera.storyboard */ = {isa = PBXFileReference; fileEncoding = 4; lastKnownFileType = file.storyboard; path = Camera.storyboard; sourceTree = "<group>"; };
		5EB7BAE32089DC540073FC64 /* Home.storyboard */ = {isa = PBXFileReference; fileEncoding = 4; lastKnownFileType = file.storyboard; path = Home.storyboard; sourceTree = "<group>"; };
		5EB7BAE42089DC540073FC64 /* Profile.storyboard */ = {isa = PBXFileReference; fileEncoding = 4; lastKnownFileType = file.storyboard; path = Profile.storyboard; sourceTree = "<group>"; };
		5EB7BAE52089DC540073FC64 /* Start.storyboard */ = {isa = PBXFileReference; fileEncoding = 4; lastKnownFileType = file.storyboard; path = Start.storyboard; sourceTree = "<group>"; };
		5EB7BAE62089DC540073FC64 /* TabBar.storyboard */ = {isa = PBXFileReference; fileEncoding = 4; lastKnownFileType = file.storyboard; path = TabBar.storyboard; sourceTree = "<group>"; };
		5EB7BAED2089E25B0073FC64 /* SignInViewController.h */ = {isa = PBXFileReference; lastKnownFileType = sourcecode.c.h; path = SignInViewController.h; sourceTree = "<group>"; };
		5EB7BAEE2089E25B0073FC64 /* SignInViewController.m */ = {isa = PBXFileReference; lastKnownFileType = sourcecode.c.objc; path = SignInViewController.m; sourceTree = "<group>"; };
		5EF66A3A208A347A00D33BFD /* SignUpViewController.h */ = {isa = PBXFileReference; lastKnownFileType = sourcecode.c.h; path = SignUpViewController.h; sourceTree = "<group>"; };
		5EF66A3B208A347A00D33BFD /* SignUpViewController.m */ = {isa = PBXFileReference; lastKnownFileType = sourcecode.c.objc; path = SignUpViewController.m; sourceTree = "<group>"; };
		5EF66A3D208A386500D33BFD /* AlertViewController.h */ = {isa = PBXFileReference; lastKnownFileType = sourcecode.c.h; path = AlertViewController.h; sourceTree = "<group>"; };
		5EF66A3E208A386500D33BFD /* AlertViewController.m */ = {isa = PBXFileReference; lastKnownFileType = sourcecode.c.objc; path = AlertViewController.m; sourceTree = "<group>"; };
		7F8E5D294E701BD77310ED06 /* Pods-InstaClone.release.xcconfig */ = {isa = PBXFileReference; includeInIndex = 1; lastKnownFileType = text.xcconfig; name = "Pods-InstaClone.release.xcconfig"; path = "Pods/Target Support Files/Pods-InstaClone/Pods-InstaClone.release.xcconfig"; sourceTree = "<group>"; };
		A51E64BEE71D4BE9BE59C066 /* Pods-InstaClone.debug.xcconfig */ = {isa = PBXFileReference; includeInIndex = 1; lastKnownFileType = text.xcconfig; name = "Pods-InstaClone.debug.xcconfig"; path = "Pods/Target Support Files/Pods-InstaClone/Pods-InstaClone.debug.xcconfig"; sourceTree = "<group>"; };
/* End PBXFileReference section */

/* Begin PBXFrameworksBuildPhase section */
		0F7A63291E769BB6007B6B07 /* Frameworks */ = {
			isa = PBXFrameworksBuildPhase;
			buildActionMask = 2147483647;
			files = (
				1ED21B75C7F58C0ACAD13C20 /* Pods_InstaClone.framework in Frameworks */,
			);
			runOnlyForDeploymentPostprocessing = 0;
		};
/* End PBXFrameworksBuildPhase section */

/* Begin PBXGroup section */
		0F7A63231E769BB6007B6B07 = {
			isa = PBXGroup;
			children = (
				0F7A632E1E769BB6007B6B07 /* InstaClone */,
				0F7A632D1E769BB6007B6B07 /* Products */,
				DFC0B13F688A51FA16F50347 /* Pods */,
				B0ED8668F5A6B4242D3289D8 /* Frameworks */,
			);
			sourceTree = "<group>";
		};
		0F7A632D1E769BB6007B6B07 /* Products */ = {
			isa = PBXGroup;
			children = (
				0F7A632C1E769BB6007B6B07 /* InstaClone.app */,
			);
			name = Products;
			sourceTree = "<group>";
		};
		0F7A632E1E769BB6007B6B07 /* InstaClone */ = {
			isa = PBXGroup;
			children = (
				5A3DFDCE208F63A90071544C /* Utils */,
				5E1BF606208E2CF100FF92E6 /* Cells */,
				5E1BF5F9208E037D00FF92E6 /* Data */,
				5EB7BAEC2089E23A0073FC64 /* ViewControllers */,
				5EB7BAE12089DC540073FC64 /* Storyboards */,
				0F7A63321E769BB6007B6B07 /* AppDelegate.h */,
				0F7A63331E769BB6007B6B07 /* AppDelegate.m */,
				0F7A633B1E769BB6007B6B07 /* Assets.xcassets */,
				0F7A633D1E769BB6007B6B07 /* LaunchScreen.storyboard */,
				0F7A63401E769BB6007B6B07 /* Info.plist */,
				0F7A632F1E769BB6007B6B07 /* Supporting Files */,
			);
			path = InstaClone;
			sourceTree = "<group>";
		};
		0F7A632F1E769BB6007B6B07 /* Supporting Files */ = {
			isa = PBXGroup;
			children = (
				0F7A63301E769BB6007B6B07 /* main.m */,
			);
			name = "Supporting Files";
			sourceTree = "<group>";
		};
		5A3DFDCE208F63A90071544C /* Utils */ = {
			isa = PBXGroup;
			children = (
				5ADC1912208F89D600583E5B /* PictureHelper.h */,
				5ADC1913208F89D600583E5B /* PictureHelper.m */,
			);
			path = Utils;
			sourceTree = "<group>";
		};
		5E1BF5F9208E037D00FF92E6 /* Data */ = {
			isa = PBXGroup;
			children = (
				5E1BF5FA208E03AB00FF92E6 /* Post.h */,
				5E1BF5FB208E03AB00FF92E6 /* Post.m */,
				5E1BF5FD208E03C200FF92E6 /* Comment.h */,
				5E1BF5FE208E03C200FF92E6 /* Comment.m */,
				5A2F8D7E2091EF6F00E51D5C /* Likee.h */,
				5A2F8D7F2091EF6F00E51D5C /* Likee.m */,
			);
			path = Data;
			sourceTree = "<group>";
		};
		5E1BF606208E2CF100FF92E6 /* Cells */ = {
			isa = PBXGroup;
			children = (
				5E1BF607208E2D1500FF92E6 /* PostCell.h */,
				5E1BF608208E2D1500FF92E6 /* PostCell.m */,
				5A2F8D8720920B3E00E51D5C /* LikeCell.h */,
				5A2F8D8820920B3E00E51D5C /* LikeCell.m */,
				5E69E32D20970E050037CEE9 /* CommentCell.h */,
				5E69E32E20970E050037CEE9 /* CommentCell.m */,
				5E19A14D209764EF0083D789 /* PhotoCollectionViewCell.h */,
				5E19A14E209764EF0083D789 /* PhotoCollectionViewCell.m */,
				5A296EC320ECB8FD0036AEA6 /* PostCaptionCell.h */,
				5A296EC420ECB8FD0036AEA6 /* PostCaptionCell.m */,
			);
			path = Cells;
			sourceTree = "<group>";
		};
		5EB7BAE12089DC540073FC64 /* Storyboards */ = {
			isa = PBXGroup;
			children = (
				5EB7BAE22089DC540073FC64 /* Camera.storyboard */,
				5EB7BAE32089DC540073FC64 /* Home.storyboard */,
				5EB7BAE42089DC540073FC64 /* Profile.storyboard */,
				5EB7BAE52089DC540073FC64 /* Start.storyboard */,
				5EB7BAE62089DC540073FC64 /* TabBar.storyboard */,
			);
			path = Storyboards;
			sourceTree = "<group>";
		};
		5EB7BAEC2089E23A0073FC64 /* ViewControllers */ = {
			isa = PBXGroup;
			children = (
				5EF66A3D208A386500D33BFD /* AlertViewController.h */,
				5EF66A3E208A386500D33BFD /* AlertViewController.m */,
				5EB7BAED2089E25B0073FC64 /* SignInViewController.h */,
				5EB7BAEE2089E25B0073FC64 /* SignInViewController.m */,
				5EF66A3A208A347A00D33BFD /* SignUpViewController.h */,
				5EF66A3B208A347A00D33BFD /* SignUpViewController.m */,
				5E1BF603208E20A600FF92E6 /* HomeViewController.h */,
				5E1BF604208E20A600FF92E6 /* HomeViewController.m */,
				5A3DFDCB208F47150071544C /* CameraViewController.h */,
				5A3DFDCC208F47150071544C /* CameraViewController.m */,
				5A2F8D842092062B00E51D5C /* LikesViewController.h */,
				5A2F8D852092062B00E51D5C /* LikesViewController.m */,
				5E69E32A20970D1E0037CEE9 /* CommentsViewController.h */,
				5E69E32B20970D1E0037CEE9 /* CommentsViewController.m */,
				5E19A14720975FB60083D789 /* ProfileViewController.h */,
				5E19A14820975FB60083D789 /* ProfileViewController.m */,
				5E19A14A2097647C0083D789 /* ProfileHeaderCollectionReusableView.h */,
				5E19A14B2097647C0083D789 /* ProfileHeaderCollectionReusableView.m */,
				5AB0915D20E2682900FD6736 /* EditProfileViewController.h */,
				5AB0915E20E2682900FD6736 /* EditProfileViewController.m */,
				5E90CED320EBEE1100017BAD /* PostViewController.h */,
				5E90CED420EBEE1100017BAD /* PostViewController.m */,
			);
			path = ViewControllers;
			sourceTree = "<group>";
		};
		B0ED8668F5A6B4242D3289D8 /* Frameworks */ = {
			isa = PBXGroup;
			children = (
				51C2BE94D887A0087401BF94 /* Pods_InstaClone.framework */,
			);
			name = Frameworks;
			sourceTree = "<group>";
		};
		DFC0B13F688A51FA16F50347 /* Pods */ = {
			isa = PBXGroup;
			children = (
				A51E64BEE71D4BE9BE59C066 /* Pods-InstaClone.debug.xcconfig */,
				7F8E5D294E701BD77310ED06 /* Pods-InstaClone.release.xcconfig */,
			);
			name = Pods;
			sourceTree = "<group>";
		};
/* End PBXGroup section */

/* Begin PBXNativeTarget section */
		0F7A632B1E769BB6007B6B07 /* InstaClone */ = {
			isa = PBXNativeTarget;
			buildConfigurationList = 0F7A63431E769BB6007B6B07 /* Build configuration list for PBXNativeTarget "InstaClone" */;
			buildPhases = (
				0FB3A7B15B2F954C51FED848 /* [CP] Check Pods Manifest.lock */,
				0F7A63281E769BB6007B6B07 /* Sources */,
				0F7A63291E769BB6007B6B07 /* Frameworks */,
				0F7A632A1E769BB6007B6B07 /* Resources */,
				344E14FF5F77373A01152CEC /* [CP] Embed Pods Frameworks */,
			);
			buildRules = (
			);
			dependencies = (
			);
			name = InstaClone;
			productName = InstaClone;
			productReference = 0F7A632C1E769BB6007B6B07 /* InstaClone.app */;
			productType = "com.apple.product-type.application";
		};
/* End PBXNativeTarget section */

/* Begin PBXProject section */
		0F7A63241E769BB6007B6B07 /* Project object */ = {
			isa = PBXProject;
			attributes = {
				LastUpgradeCheck = 0940;
				TargetAttributes = {
					0F7A632B1E769BB6007B6B07 = {
						CreatedOnToolsVersion = 8.2.1;
						ProvisioningStyle = Automatic;
					};
				};
			};
			buildConfigurationList = 0F7A63271E769BB6007B6B07 /* Build configuration list for PBXProject "InstaClone" */;
			compatibilityVersion = "Xcode 3.2";
			developmentRegion = English;
			hasScannedForEncodings = 0;
			knownRegions = (
				en,
				Base,
			);
			mainGroup = 0F7A63231E769BB6007B6B07;
			productRefGroup = 0F7A632D1E769BB6007B6B07 /* Products */;
			projectDirPath = "";
			projectRoot = "";
			targets = (
				0F7A632B1E769BB6007B6B07 /* InstaClone */,
			);
		};
/* End PBXProject section */

/* Begin PBXResourcesBuildPhase section */
		0F7A632A1E769BB6007B6B07 /* Resources */ = {
			isa = PBXResourcesBuildPhase;
			buildActionMask = 2147483647;
			files = (
				0F7A633F1E769BB6007B6B07 /* LaunchScreen.storyboard in Resources */,
				5EB7BAE72089DC540073FC64 /* Camera.storyboard in Resources */,
				5EB7BAE92089DC540073FC64 /* Profile.storyboard in Resources */,
				0F7A633C1E769BB6007B6B07 /* Assets.xcassets in Resources */,
				5EB7BAE82089DC540073FC64 /* Home.storyboard in Resources */,
				5EB7BAEB2089DC540073FC64 /* TabBar.storyboard in Resources */,
				5EB7BAEA2089DC540073FC64 /* Start.storyboard in Resources */,
			);
			runOnlyForDeploymentPostprocessing = 0;
		};
/* End PBXResourcesBuildPhase section */

/* Begin PBXShellScriptBuildPhase section */
		0FB3A7B15B2F954C51FED848 /* [CP] Check Pods Manifest.lock */ = {
			isa = PBXShellScriptBuildPhase;
			buildActionMask = 2147483647;
			files = (
			);
			inputPaths = (
				"${PODS_PODFILE_DIR_PATH}/Podfile.lock",
				"${PODS_ROOT}/Manifest.lock",
			);
			name = "[CP] Check Pods Manifest.lock";
			outputPaths = (
				"$(DERIVED_FILE_DIR)/Pods-InstaClone-checkManifestLockResult.txt",
			);
			runOnlyForDeploymentPostprocessing = 0;
			shellPath = /bin/sh;
			shellScript = "diff \"${PODS_PODFILE_DIR_PATH}/Podfile.lock\" \"${PODS_ROOT}/Manifest.lock\" > /dev/null\nif [ $? != 0 ] ; then\n    # print error to STDERR\n    echo \"error: The sandbox is not in sync with the Podfile.lock. Run 'pod install' or update your CocoaPods installation.\" >&2\n    exit 1\nfi\n# This output is used by Xcode 'outputs' to avoid re-running this script phase.\necho \"SUCCESS\" > \"${SCRIPT_OUTPUT_FILE_0}\"\n";
			showEnvVarsInLog = 0;
		};
		344E14FF5F77373A01152CEC /* [CP] Embed Pods Frameworks */ = {
			isa = PBXShellScriptBuildPhase;
			buildActionMask = 2147483647;
			files = (
			);
			inputPaths = (
				"${SRCROOT}/Pods/Target Support Files/Pods-InstaClone/Pods-InstaClone-frameworks.sh",
				"${BUILT_PRODUCTS_DIR}/Socket.IO-Client-Swift/SocketIO.framework",
				"${BUILT_PRODUCTS_DIR}/Starscream/Starscream.framework",
			);
			name = "[CP] Embed Pods Frameworks";
			outputPaths = (
				"${TARGET_BUILD_DIR}/${FRAMEWORKS_FOLDER_PATH}/SocketIO.framework",
				"${TARGET_BUILD_DIR}/${FRAMEWORKS_FOLDER_PATH}/Starscream.framework",
			);
			runOnlyForDeploymentPostprocessing = 0;
			shellPath = /bin/sh;
			shellScript = "\"${SRCROOT}/Pods/Target Support Files/Pods-InstaClone/Pods-InstaClone-frameworks.sh\"\n";
			showEnvVarsInLog = 0;
		};
/* End PBXShellScriptBuildPhase section */

/* Begin PBXSourcesBuildPhase section */
		0F7A63281E769BB6007B6B07 /* Sources */ = {
			isa = PBXSourcesBuildPhase;
			buildActionMask = 2147483647;
			files = (
				5A2F8D802091EF6F00E51D5C /* Likee.m in Sources */,
				5E1BF5FF208E03C200FF92E6 /* Comment.m in Sources */,
				5AB0915F20E2682900FD6736 /* EditProfileViewController.m in Sources */,
				5EB7BAEF2089E25B0073FC64 /* SignInViewController.m in Sources */,
				5E90CED520EBEE1100017BAD /* PostViewController.m in Sources */,
				5A296EC520ECB8FD0036AEA6 /* PostCaptionCell.m in Sources */,
				5E1BF609208E2D1500FF92E6 /* PostCell.m in Sources */,
				5EF66A3F208A386500D33BFD /* AlertViewController.m in Sources */,
				0F7A63341E769BB6007B6B07 /* AppDelegate.m in Sources */,
				5EF66A3C208A347A00D33BFD /* SignUpViewController.m in Sources */,
				5A3DFDCD208F47150071544C /* CameraViewController.m in Sources */,
				5E69E32C20970D1E0037CEE9 /* CommentsViewController.m in Sources */,
				5E19A14920975FB60083D789 /* ProfileViewController.m in Sources */,
				5A2F8D862092062B00E51D5C /* LikesViewController.m in Sources */,
				5ADC1914208F89D600583E5B /* PictureHelper.m in Sources */,
				5E19A14F209764EF0083D789 /* PhotoCollectionViewCell.m in Sources */,
				5E1BF605208E20A600FF92E6 /* HomeViewController.m in Sources */,
				5E1BF5FC208E03AB00FF92E6 /* Post.m in Sources */,
				0F7A63311E769BB6007B6B07 /* main.m in Sources */,
				5E19A14C2097647C0083D789 /* ProfileHeaderCollectionReusableView.m in Sources */,
				5E69E32F20970E050037CEE9 /* CommentCell.m in Sources */,
				5A2F8D8920920B3E00E51D5C /* LikeCell.m in Sources */,
			);
			runOnlyForDeploymentPostprocessing = 0;
		};
/* End PBXSourcesBuildPhase section */

/* Begin PBXVariantGroup section */
		0F7A633D1E769BB6007B6B07 /* LaunchScreen.storyboard */ = {
			isa = PBXVariantGroup;
			children = (
				0F7A633E1E769BB6007B6B07 /* Base */,
			);
			name = LaunchScreen.storyboard;
			sourceTree = "<group>";
		};
/* End PBXVariantGroup section */

/* Begin XCBuildConfiguration section */
		0F7A63411E769BB6007B6B07 /* Debug */ = {
			isa = XCBuildConfiguration;
			buildSettings = {
				ALWAYS_SEARCH_USER_PATHS = NO;
				CLANG_ANALYZER_NONNULL = YES;
				CLANG_CXX_LANGUAGE_STANDARD = "gnu++0x";
				CLANG_CXX_LIBRARY = "libc++";
				CLANG_ENABLE_MODULES = YES;
				CLANG_ENABLE_OBJC_ARC = YES;
				CLANG_WARN_BLOCK_CAPTURE_AUTORELEASING = YES;
				CLANG_WARN_BOOL_CONVERSION = YES;
				CLANG_WARN_COMMA = YES;
				CLANG_WARN_CONSTANT_CONVERSION = YES;
				CLANG_WARN_DEPRECATED_OBJC_IMPLEMENTATIONS = YES;
				CLANG_WARN_DIRECT_OBJC_ISA_USAGE = YES_ERROR;
				CLANG_WARN_DOCUMENTATION_COMMENTS = YES;
				CLANG_WARN_EMPTY_BODY = YES;
				CLANG_WARN_ENUM_CONVERSION = YES;
				CLANG_WARN_INFINITE_RECURSION = YES;
				CLANG_WARN_INT_CONVERSION = YES;
				CLANG_WARN_NON_LITERAL_NULL_CONVERSION = YES;
				CLANG_WARN_OBJC_IMPLICIT_RETAIN_SELF = YES;
				CLANG_WARN_OBJC_LITERAL_CONVERSION = YES;
				CLANG_WARN_OBJC_ROOT_CLASS = YES_ERROR;
				CLANG_WARN_RANGE_LOOP_ANALYSIS = YES;
				CLANG_WARN_STRICT_PROTOTYPES = YES;
				CLANG_WARN_SUSPICIOUS_MOVE = YES;
				CLANG_WARN_UNREACHABLE_CODE = YES;
				CLANG_WARN__DUPLICATE_METHOD_MATCH = YES;
				"CODE_SIGN_IDENTITY[sdk=iphoneos*]" = "iPhone Developer";
				COPY_PHASE_STRIP = NO;
				DEBUG_INFORMATION_FORMAT = dwarf;
				ENABLE_STRICT_OBJC_MSGSEND = YES;
				ENABLE_TESTABILITY = YES;
				GCC_C_LANGUAGE_STANDARD = gnu99;
				GCC_DYNAMIC_NO_PIC = NO;
				GCC_NO_COMMON_BLOCKS = YES;
				GCC_OPTIMIZATION_LEVEL = 0;
				GCC_PREPROCESSOR_DEFINITIONS = (
					"DEBUG=1",
					"$(inherited)",
				);
				GCC_WARN_64_TO_32_BIT_CONVERSION = YES;
				GCC_WARN_ABOUT_RETURN_TYPE = YES_ERROR;
				GCC_WARN_UNDECLARED_SELECTOR = YES;
				GCC_WARN_UNINITIALIZED_AUTOS = YES_AGGRESSIVE;
				GCC_WARN_UNUSED_FUNCTION = YES;
				GCC_WARN_UNUSED_VARIABLE = YES;
				IPHONEOS_DEPLOYMENT_TARGET = 8.0;
				MTL_ENABLE_DEBUG_INFO = YES;
				ONLY_ACTIVE_ARCH = YES;
				SDKROOT = iphoneos;
			};
			name = Debug;
		};
		0F7A63421E769BB6007B6B07 /* Release */ = {
			isa = XCBuildConfiguration;
			buildSettings = {
				ALWAYS_SEARCH_USER_PATHS = NO;
				CLANG_ANALYZER_NONNULL = YES;
				CLANG_CXX_LANGUAGE_STANDARD = "gnu++0x";
				CLANG_CXX_LIBRARY = "libc++";
				CLANG_ENABLE_MODULES = YES;
				CLANG_ENABLE_OBJC_ARC = YES;
				CLANG_WARN_BLOCK_CAPTURE_AUTORELEASING = YES;
				CLANG_WARN_BOOL_CONVERSION = YES;
				CLANG_WARN_COMMA = YES;
				CLANG_WARN_CONSTANT_CONVERSION = YES;
				CLANG_WARN_DEPRECATED_OBJC_IMPLEMENTATIONS = YES;
				CLANG_WARN_DIRECT_OBJC_ISA_USAGE = YES_ERROR;
				CLANG_WARN_DOCUMENTATION_COMMENTS = YES;
				CLANG_WARN_EMPTY_BODY = YES;
				CLANG_WARN_ENUM_CONVERSION = YES;
				CLANG_WARN_INFINITE_RECURSION = YES;
				CLANG_WARN_INT_CONVERSION = YES;
				CLANG_WARN_NON_LITERAL_NULL_CONVERSION = YES;
				CLANG_WARN_OBJC_IMPLICIT_RETAIN_SELF = YES;
				CLANG_WARN_OBJC_LITERAL_CONVERSION = YES;
				CLANG_WARN_OBJC_ROOT_CLASS = YES_ERROR;
				CLANG_WARN_RANGE_LOOP_ANALYSIS = YES;
				CLANG_WARN_STRICT_PROTOTYPES = YES;
				CLANG_WARN_SUSPICIOUS_MOVE = YES;
				CLANG_WARN_UNREACHABLE_CODE = YES;
				CLANG_WARN__DUPLICATE_METHOD_MATCH = YES;
				"CODE_SIGN_IDENTITY[sdk=iphoneos*]" = "iPhone Developer";
				COPY_PHASE_STRIP = NO;
				DEBUG_INFORMATION_FORMAT = "dwarf-with-dsym";
				ENABLE_NS_ASSERTIONS = NO;
				ENABLE_STRICT_OBJC_MSGSEND = YES;
				GCC_C_LANGUAGE_STANDARD = gnu99;
				GCC_NO_COMMON_BLOCKS = YES;
				GCC_WARN_64_TO_32_BIT_CONVERSION = YES;
				GCC_WARN_ABOUT_RETURN_TYPE = YES_ERROR;
				GCC_WARN_UNDECLARED_SELECTOR = YES;
				GCC_WARN_UNINITIALIZED_AUTOS = YES_AGGRESSIVE;
				GCC_WARN_UNUSED_FUNCTION = YES;
				GCC_WARN_UNUSED_VARIABLE = YES;
				IPHONEOS_DEPLOYMENT_TARGET = 8.0;
				MTL_ENABLE_DEBUG_INFO = NO;
				SDKROOT = iphoneos;
				VALIDATE_PRODUCT = YES;
			};
			name = Release;
		};
		0F7A63441E769BB6007B6B07 /* Debug */ = {
			isa = XCBuildConfiguration;
			baseConfigurationReference = A51E64BEE71D4BE9BE59C066 /* Pods-InstaClone.debug.xcconfig */;
			buildSettings = {
				ALWAYS_EMBED_SWIFT_STANDARD_LIBRARIES = YES;
				ASSETCATALOG_COMPILER_APPICON_NAME = AppIcon;
				DEVELOPMENT_TEAM = "";
				INFOPLIST_FILE = InstaClone/Info.plist;
				IPHONEOS_DEPLOYMENT_TARGET = 9.0;
				LD_RUNPATH_SEARCH_PATHS = "$(inherited) @executable_path/Frameworks";
				LIBRARY_SEARCH_PATHS = "$(inherited)";
				PRODUCT_BUNDLE_IDENTIFIER = com.backendelss.InstaClone;
				PRODUCT_NAME = "$(TARGET_NAME)";
			};
			name = Debug;
		};
		0F7A63451E769BB6007B6B07 /* Release */ = {
			isa = XCBuildConfiguration;
			baseConfigurationReference = 7F8E5D294E701BD77310ED06 /* Pods-InstaClone.release.xcconfig */;
			buildSettings = {
				ALWAYS_EMBED_SWIFT_STANDARD_LIBRARIES = YES;
				ASSETCATALOG_COMPILER_APPICON_NAME = AppIcon;
				DEVELOPMENT_TEAM = "";
				INFOPLIST_FILE = InstaClone/Info.plist;
				IPHONEOS_DEPLOYMENT_TARGET = 9.0;
				LD_RUNPATH_SEARCH_PATHS = "$(inherited) @executable_path/Frameworks";
				LIBRARY_SEARCH_PATHS = "$(inherited)";
				PRODUCT_BUNDLE_IDENTIFIER = com.backendelss.InstaClone;
				PRODUCT_NAME = "$(TARGET_NAME)";
			};
			name = Release;
		};
/* End XCBuildConfiguration section */

/* Begin XCConfigurationList section */
		0F7A63271E769BB6007B6B07 /* Build configuration list for PBXProject "InstaClone" */ = {
			isa = XCConfigurationList;
			buildConfigurations = (
				0F7A63411E769BB6007B6B07 /* Debug */,
				0F7A63421E769BB6007B6B07 /* Release */,
			);
			defaultConfigurationIsVisible = 0;
			defaultConfigurationName = Release;
		};
		0F7A63431E769BB6007B6B07 /* Build configuration list for PBXNativeTarget "InstaClone" */ = {
			isa = XCConfigurationList;
			buildConfigurations = (
				0F7A63441E769BB6007B6B07 /* Debug */,
				0F7A63451E769BB6007B6B07 /* Release */,
			);
			defaultConfigurationIsVisible = 0;
			defaultConfigurationName = Release;
		};
/* End XCConfigurationList section */
	};
	rootObject = 0F7A63241E769BB6007B6B07 /* Project object */;
}
